{
  "originHash" : "137a566f219786de7e1424c6f07c036e6320588c06d30b4a12bd28f25109e528",
  "pins" : [
    {
      "identity" : "specificationcore",
      "kind" : "remoteSourceControl",
      "location" : "https://github.com/SoundBlaster/SpecificationCore.git",
      "state" : {
        "revision" : "9b5fc40c16677e868856d0b24b70019cd5ea4687",
        "version" : "2.1.0"
      }
    },
    {
      "identity" : "swift-syntax",
      "kind" : "remoteSourceControl",
      "location" : "https://github.com/swiftlang/swift-syntax",
      "state" : {
        "revision" : "f99ae8aa18f0cf0d53481901f88a0991dc3bd4a2",
        "version" : "601.0.1"
      }
    },
    {
      "identity" : "swiftdecision",
      "kind" : "remoteSourceControl",
      "location" : "https://github.com/SoundBlaster/SwiftDecision.git",
      "state" : {
        "revision" : "0ea5a2ccd4b6aaa136094bf2f1326ba4dcec0cd1",
        "version" : "0.7.0"
      }
    }
  ],
  "version" : 3
}
