{
  "originHash" : "95aa27f11a7206d9ceee716b8cc2ae67f9dda1e4fceefb38f372e7c9ce30706a",
  "pins" : [
    {
      "identity" : "specificationcore",
      "kind" : "remoteSourceControl",
      "location" : "https://github.com/SoundBlaster/SpecificationCore.git",
      "state" : {
        "revision" : "9b5fc40c16677e868856d0b24b70019cd5ea4687",
        "version" : "2.1.0"
      }
    },
    {
      "identity" : "swift-syntax",
      "kind" : "remoteSourceControl",
      "location" : "https://github.com/swiftlang/swift-syntax",
      "state" : {
        "revision" : "f99ae8aa18f0cf0d53481901f88a0991dc3bd4a2",
        "version" : "601.0.1"
      }
    },
    {
      "identity" : "swiftdecision",
      "kind" : "remoteSourceControl",
      "location" : "https://github.com/SoundBlaster/SwiftDecision.git",
      "state" : {
        "revision" : "77171f9151eee022b268ce761d115298aa97860f"
      }
    }
  ],
  "version" : 3
}
