{
  "originHash" : "274a9c5daa6ecfb2f958b926997a548890dcf4d65a573675d286391d87a48175",
  "pins" : [
    {
      "identity" : "specificationcore",
      "kind" : "remoteSourceControl",
      "location" : "https://github.com/SoundBlaster/SpecificationCore.git",
      "state" : {
        "revision" : "9b5fc40c16677e868856d0b24b70019cd5ea4687",
        "version" : "2.1.0"
      }
    },
    {
      "identity" : "swift-syntax",
      "kind" : "remoteSourceControl",
      "location" : "https://github.com/swiftlang/swift-syntax",
      "state" : {
        "revision" : "f99ae8aa18f0cf0d53481901f88a0991dc3bd4a2",
        "version" : "601.0.1"
      }
    },
    {
      "identity" : "swiftdecision",
      "kind" : "remoteSourceControl",
      "location" : "https://github.com/SoundBlaster/SwiftDecision.git",
      "state" : {
        "revision" : "fc28e77976228885b225ca053d08ccbd08c57893",
        "version" : "0.6.0"
      }
    }
  ],
  "version" : 3
}
